
Microsoft Visual Studio Solution File, Format Version 12.00
# Visual Studio Version 16
VisualStudioVersion = 16.0.31515.178
MinimumVisualStudioVersion = 10.0.40219.1
Project("{FAE04EC0-301F-11D3-BF4B-00C04F79EFBC}") = "GRTAPI", "GRTAPI\GRTAPI.csproj", "{A5BCE42E-3338-4567-A4A0-9BD4046736D8}"
EndProject
Global
	GlobalSection(SolutionConfigurationPlatforms) = preSolution
		Debug|Any CPU = Debug|Any CPU
		Release|Any CPU = Release|Any CPU
	EndGlobalSection
	GlobalSection(ProjectConfigurationPlatforms) = postSolution
		{A5BCE42E-3338-4567-A4A0-9BD4046736D8}.Debug|Any CPU.ActiveCfg = Debug|Any CPU
		{A5BCE42E-3338-4567-A4A0-9BD4046736D8}.Debug|Any CPU.Build.0 = Debug|Any CPU
		{A5BCE42E-3338-4567-A4A0-9BD4046736D8}.Release|Any CPU.ActiveCfg = Release|Any CPU
		{A5BCE42E-3338-4567-A4A0-9BD4046736D8}.Release|Any CPU.Build.0 = Release|Any CPU
	EndGlobalSection
	GlobalSection(SolutionProperties) = preSolution
		HideSolutionNode = FALSE
	EndGlobalSection
	GlobalSection(ExtensibilityGlobals) = postSolution
		SolutionGuid = {BF49BF51-0CD8-4C31-BADD-2FE6CF66717A}
	EndGlobalSection
EndGlobal
